
Microsoft Visual Studio Solution File, Format Version 12.00
# Visual Studio 14
VisualStudioVersion = 14.0.25420.1
MinimumVisualStudioVersion = 10.0.40219.1
Project("{00D1A9C2-B5F0-4AF3-8072-F6C62B433612}") = "ClrFunctionPerformance", "ClrFunctionPerformance\ClrFunctionPerformance.sqlproj", "{57C8F559-1D8C-46E5-937E-5BB0B521BF93}"
EndProject
Project("{159641D6-6404-4A2A-AE62-294DE0FE8301}") = "ProductPriceListUpdate", "ProductPriceListUpdate\ProductPriceListUpdate.dtproj", "{784724B3-E88C-476E-A73D-66044349B833}"
EndProject
Global
	GlobalSection(SolutionConfigurationPlatforms) = preSolution
		Debug|Any CPU = Debug|Any CPU
		Development|Any CPU = Development|Any CPU
		Release|Any CPU = Release|Any CPU
	EndGlobalSection
	GlobalSection(ProjectConfigurationPlatforms) = postSolution
		{57C8F559-1D8C-46E5-937E-5BB0B521BF93}.Debug|Any CPU.ActiveCfg = Debug|Any CPU
		{57C8F559-1D8C-46E5-937E-5BB0B521BF93}.Debug|Any CPU.Build.0 = Debug|Any CPU
		{57C8F559-1D8C-46E5-937E-5BB0B521BF93}.Debug|Any CPU.Deploy.0 = Debug|Any CPU
		{57C8F559-1D8C-46E5-937E-5BB0B521BF93}.Development|Any CPU.ActiveCfg = Debug|Any CPU
		{57C8F559-1D8C-46E5-937E-5BB0B521BF93}.Development|Any CPU.Build.0 = Debug|Any CPU
		{57C8F559-1D8C-46E5-937E-5BB0B521BF93}.Development|Any CPU.Deploy.0 = Debug|Any CPU
		{57C8F559-1D8C-46E5-937E-5BB0B521BF93}.Release|Any CPU.ActiveCfg = Release|Any CPU
		{57C8F559-1D8C-46E5-937E-5BB0B521BF93}.Release|Any CPU.Build.0 = Release|Any CPU
		{57C8F559-1D8C-46E5-937E-5BB0B521BF93}.Release|Any CPU.Deploy.0 = Release|Any CPU
		{784724B3-E88C-476E-A73D-66044349B833}.Debug|Any CPU.ActiveCfg = Development
		{784724B3-E88C-476E-A73D-66044349B833}.Debug|Any CPU.Build.0 = Development
		{784724B3-E88C-476E-A73D-66044349B833}.Development|Any CPU.ActiveCfg = Development
		{784724B3-E88C-476E-A73D-66044349B833}.Development|Any CPU.Build.0 = Development
		{784724B3-E88C-476E-A73D-66044349B833}.Release|Any CPU.ActiveCfg = Development
		{784724B3-E88C-476E-A73D-66044349B833}.Release|Any CPU.Build.0 = Development
	EndGlobalSection
	GlobalSection(SolutionProperties) = preSolution
		HideSolutionNode = FALSE
	EndGlobalSection
EndGlobal
